
Microsoft Visual Studio Solution File, Format Version 12.00
# Visual Studio Version 17
VisualStudioVersion = 17.4.33205.214
MinimumVisualStudioVersion = 10.0.40219.1
Project("{FAE04EC0-301F-11D3-BF4B-00C04F79EFBC}") = "AStar", "AStar\AStar.csproj", "{97A02F0C-644D-4210-98C8-80D28B8C6D3C}"
EndProject
Project("{FAE04EC0-301F-11D3-BF4B-00C04F79EFBC}") = "Pathing", "Pathing\Pathing.csproj", "{C483B3DE-76F2-4A36-B6C3-2AC98DF9CD0C}"
EndProject
Project("{FAE04EC0-301F-11D3-BF4B-00C04F79EFBC}") = "PathingTestApp", "PathingTestApp\PathingTestApp.csproj", "{383F858A-B4A0-4DA1-9CDF-0345CC521CED}"
EndProject
Global
	GlobalSection(SolutionConfigurationPlatforms) = preSolution
		Debug|Any CPU = Debug|Any CPU
		Release|Any CPU = Release|Any CPU
	EndGlobalSection
	GlobalSection(ProjectConfigurationPlatforms) = postSolution
		{97A02F0C-644D-4210-98C8-80D28B8C6D3C}.Debug|Any CPU.ActiveCfg = Debug|Any CPU
		{97A02F0C-644D-4210-98C8-80D28B8C6D3C}.Debug|Any CPU.Build.0 = Debug|Any CPU
		{97A02F0C-644D-4210-98C8-80D28B8C6D3C}.Release|Any CPU.ActiveCfg = Release|Any CPU
		{97A02F0C-644D-4210-98C8-80D28B8C6D3C}.Release|Any CPU.Build.0 = Release|Any CPU
		{C483B3DE-76F2-4A36-B6C3-2AC98DF9CD0C}.Debug|Any CPU.ActiveCfg = Debug|Any CPU
		{C483B3DE-76F2-4A36-B6C3-2AC98DF9CD0C}.Debug|Any CPU.Build.0 = Debug|Any CPU
		{C483B3DE-76F2-4A36-B6C3-2AC98DF9CD0C}.Release|Any CPU.ActiveCfg = Release|Any CPU
		{C483B3DE-76F2-4A36-B6C3-2AC98DF9CD0C}.Release|Any CPU.Build.0 = Release|Any CPU
		{383F858A-B4A0-4DA1-9CDF-0345CC521CED}.Debug|Any CPU.ActiveCfg = Debug|Any CPU
		{383F858A-B4A0-4DA1-9CDF-0345CC521CED}.Debug|Any CPU.Build.0 = Debug|Any CPU
		{383F858A-B4A0-4DA1-9CDF-0345CC521CED}.Release|Any CPU.ActiveCfg = Release|Any CPU
		{383F858A-B4A0-4DA1-9CDF-0345CC521CED}.Release|Any CPU.Build.0 = Release|Any CPU
	EndGlobalSection
	GlobalSection(SolutionProperties) = preSolution
		HideSolutionNode = FALSE
	EndGlobalSection
	GlobalSection(ExtensibilityGlobals) = postSolution
		SolutionGuid = {4218C616-A43D-492E-982A-180B41D73864}
	EndGlobalSection
EndGlobal
